{
  "name": "earnapp-extracted",
  "lockfileVersion": 3,
  "requires": true,
  "packages": {
    "": {
      "dependencies": {
        "linux-release-info": "^3.0.0"
      }
    },
    "node_modules/linux-release-info": {
      "version": "3.0.0",
      "resolved": "https://registry.npmjs.org/linux-release-info/-/linux-release-info-3.0.0.tgz",
      "integrity": "sha512-qVARfxfp2uOM8XTlb+ZkzqVqvNDd6djySW7JL0ec+cnpB/SKZO2O/NJc9XR699fE7Wg1ERWN6aKcPm5Ejioj3A==",
      "license": "MIT",
      "engines": {
        "node": ">=8.0"
      }
    }
  }
}
